
Microsoft Visual Studio Solution File, Format Version 12.00
# Visual Studio Version 16
VisualStudioVersion = 16.0.31624.102
MinimumVisualStudioVersion = 10.0.40219.1
Project("{FAE04EC0-301F-11D3-BF4B-00C04F79EFBC}") = "Async", "Async\Async.csproj", "{993A059A-32E7-4722-AB08-FE717556EBF7}"
EndProject
Global
	GlobalSection(SolutionConfigurationPlatforms) = preSolution
		Debug|Any CPU = Debug|Any CPU
		Release|Any CPU = Release|Any CPU
	EndGlobalSection
	GlobalSection(ProjectConfigurationPlatforms) = postSolution
		{993A059A-32E7-4722-AB08-FE717556EBF7}.Debug|Any CPU.ActiveCfg = Debug|Any CPU
		{993A059A-32E7-4722-AB08-FE717556EBF7}.Debug|Any CPU.Build.0 = Debug|Any CPU
		{993A059A-32E7-4722-AB08-FE717556EBF7}.Release|Any CPU.ActiveCfg = Release|Any CPU
		{993A059A-32E7-4722-AB08-FE717556EBF7}.Release|Any CPU.Build.0 = Release|Any CPU
	EndGlobalSection
	GlobalSection(SolutionProperties) = preSolution
		HideSolutionNode = FALSE
	EndGlobalSection
	GlobalSection(ExtensibilityGlobals) = postSolution
		SolutionGuid = {DDD4B0FF-4438-4637-AAD0-F9DBB23F57D1}
	EndGlobalSection
EndGlobal
